
Microsoft Visual Studio Solution File, Format Version 12.00
# Visual Studio 2013
VisualStudioVersion = 12.0.31101.0
MinimumVisualStudioVersion = 10.0.40219.1
Project("{8BC9CEB8-8B4A-11D0-8D11-00A0C91BC942}") = "LeetCode-easy-array", "LeetCode\LeetCode.vcxproj", "{1448ACEC-AF3A-4EC9-884C-DFE23DF1022D}"
EndProject
Project("{8BC9CEB8-8B4A-11D0-8D11-00A0C91BC942}") = "LeetCode-easy-string", "LeetCode-easy-string\LeetCode-easy-string.vcxproj", "{4375B736-334F-4913-85C9-A19846CD9966}"
EndProject
Project("{8BC9CEB8-8B4A-11D0-8D11-00A0C91BC942}") = "LeetCode-easy-list", "LeetCode-easy-list\LeetCode-easy-list.vcxproj", "{C07D7143-A856-41C1-839C-6943CDFBA0DC}"
EndProject
Project("{8BC9CEB8-8B4A-11D0-8D11-00A0C91BC942}") = "LeetCode-easy-tree", "LeetCode-easy-tree\LeetCode-easy-tree.vcxproj", "{A24CFD00-02A4-4BE5-8433-1481FD4F74BC}"
EndProject
Project("{8BC9CEB8-8B4A-11D0-8D11-00A0C91BC942}") = "LeetCode-easy-other", "LeetCode-easy-other\LeetCode-easy-other.vcxproj", "{7DE54128-56E9-4589-B747-7EB1B4A6DA21}"
EndProject
Project("{8BC9CEB8-8B4A-11D0-8D11-00A0C91BC942}") = "LeetCode-middle", "LeetCode-middle\LeetCode-middle.vcxproj", "{3A6A7D79-BFFD-4CB2-A968-005463E45CCE}"
EndProject
Global
	GlobalSection(SolutionConfigurationPlatforms) = preSolution
		Debug|Win32 = Debug|Win32
		Release|Win32 = Release|Win32
	EndGlobalSection
	GlobalSection(ProjectConfigurationPlatforms) = postSolution
		{1448ACEC-AF3A-4EC9-884C-DFE23DF1022D}.Debug|Win32.ActiveCfg = Debug|Win32
		{1448ACEC-AF3A-4EC9-884C-DFE23DF1022D}.Debug|Win32.Build.0 = Debug|Win32
		{1448ACEC-AF3A-4EC9-884C-DFE23DF1022D}.Release|Win32.ActiveCfg = Release|Win32
		{1448ACEC-AF3A-4EC9-884C-DFE23DF1022D}.Release|Win32.Build.0 = Release|Win32
		{4375B736-334F-4913-85C9-A19846CD9966}.Debug|Win32.ActiveCfg = Debug|Win32
		{4375B736-334F-4913-85C9-A19846CD9966}.Debug|Win32.Build.0 = Debug|Win32
		{4375B736-334F-4913-85C9-A19846CD9966}.Release|Win32.ActiveCfg = Release|Win32
		{4375B736-334F-4913-85C9-A19846CD9966}.Release|Win32.Build.0 = Release|Win32
		{C07D7143-A856-41C1-839C-6943CDFBA0DC}.Debug|Win32.ActiveCfg = Debug|Win32
		{C07D7143-A856-41C1-839C-6943CDFBA0DC}.Debug|Win32.Build.0 = Debug|Win32
		{C07D7143-A856-41C1-839C-6943CDFBA0DC}.Release|Win32.ActiveCfg = Release|Win32
		{C07D7143-A856-41C1-839C-6943CDFBA0DC}.Release|Win32.Build.0 = Release|Win32
		{A24CFD00-02A4-4BE5-8433-1481FD4F74BC}.Debug|Win32.ActiveCfg = Debug|Win32
		{A24CFD00-02A4-4BE5-8433-1481FD4F74BC}.Debug|Win32.Build.0 = Debug|Win32
		{A24CFD00-02A4-4BE5-8433-1481FD4F74BC}.Release|Win32.ActiveCfg = Release|Win32
		{A24CFD00-02A4-4BE5-8433-1481FD4F74BC}.Release|Win32.Build.0 = Release|Win32
		{7DE54128-56E9-4589-B747-7EB1B4A6DA21}.Debug|Win32.ActiveCfg = Debug|Win32
		{7DE54128-56E9-4589-B747-7EB1B4A6DA21}.Debug|Win32.Build.0 = Debug|Win32
		{7DE54128-56E9-4589-B747-7EB1B4A6DA21}.Release|Win32.ActiveCfg = Release|Win32
		{7DE54128-56E9-4589-B747-7EB1B4A6DA21}.Release|Win32.Build.0 = Release|Win32
		{3A6A7D79-BFFD-4CB2-A968-005463E45CCE}.Debug|Win32.ActiveCfg = Debug|Win32
		{3A6A7D79-BFFD-4CB2-A968-005463E45CCE}.Debug|Win32.Build.0 = Debug|Win32
		{3A6A7D79-BFFD-4CB2-A968-005463E45CCE}.Release|Win32.ActiveCfg = Release|Win32
		{3A6A7D79-BFFD-4CB2-A968-005463E45CCE}.Release|Win32.Build.0 = Release|Win32
	EndGlobalSection
	GlobalSection(SolutionProperties) = preSolution
		HideSolutionNode = FALSE
	EndGlobalSection
EndGlobal
